github.com/google/go-cmp v0.5.9 h1:O2Tfq5qg4qc4AmwVlvv0oLiVAGB7enBSJ2x2DqQFi38=
github.com/google/go-cmp v0.5.9/go.mod h1:17dUlkBOakJ0+DkrSSNjCkIjxS6bF9zb3elmeNGIjoY=
go-srht.uranus.workers.dev/~uhthomas/renovate17923 v0.0.0-20220928193947-80a50b9e6a8b h1:DjKugZ+koo/2hkLdUyaUYlXqhIA8tgWamSgWeU1xF78=
go-srht.uranus.workers.dev/~uhthomas/renovate17923 v0.0.0-20220928193947-80a50b9e6a8b/go.mod h1:ujL1oYYQEyrjGpXpotCKVt9XpIkOoP0Qi+pH6vKpUVs=
